
Microsoft Visual Studio Solution File, Format Version 12.00
# Visual Studio Version 17
VisualStudioVersion = 17.5.33414.496
MinimumVisualStudioVersion = 10.0.40219.1
Project("{FAE04EC0-301F-11D3-BF4B-00C04F79EFBC}") = "APAssistantAPI", "APAssistantAPI.csproj", "{2710CE17-6D77-447C-8158-6317C12C5798}"
EndProject
Global
	GlobalSection(SolutionConfigurationPlatforms) = preSolution
		Debug|Any CPU = Debug|Any CPU
		Release|Any CPU = Release|Any CPU
	EndGlobalSection
	GlobalSection(ProjectConfigurationPlatforms) = postSolution
		{2710CE17-6D77-447C-8158-6317C12C5798}.Debug|Any CPU.ActiveCfg = Debug|Any CPU
		{2710CE17-6D77-447C-8158-6317C12C5798}.Debug|Any CPU.Build.0 = Debug|Any CPU
		{2710CE17-6D77-447C-8158-6317C12C5798}.Release|Any CPU.ActiveCfg = Release|Any CPU
		{2710CE17-6D77-447C-8158-6317C12C5798}.Release|Any CPU.Build.0 = Release|Any CPU
	EndGlobalSection
	GlobalSection(SolutionProperties) = preSolution
		HideSolutionNode = FALSE
	EndGlobalSection
	GlobalSection(ExtensibilityGlobals) = postSolution
		SolutionGuid = {A92009E6-2979-473E-A80B-3DF416276C63}
	EndGlobalSection
EndGlobal
